// !$*UTF8*$!
{
	archiveVersion = 1;
	classes = {
	};
	objectVersion = 56;
	objects = {

/* Begin PBXBuildFile section */
		B612A4932B5CD39F00B1F01C /* UberMapViewRepresentable.swift in Sources */ = {isa = PBXBuildFile; fileRef = B612A4922B5CD39F00B1F01C /* UberMapViewRepresentable.swift */; };
		B612A4952B5CD57D00B1F01C /* LocationManager.swift in Sources */ = {isa = PBXBuildFile; fileRef = B612A4942B5CD57D00B1F01C /* LocationManager.swift */; };
		B612A49B2B5CE65900B1F01C /* LocationSearchActiveView.swift in Sources */ = {isa = PBXBuildFile; fileRef = B612A49A2B5CE65900B1F01C /* LocationSearchActiveView.swift */; };
		B612A49D2B5CE7E800B1F01C /* MapViewActionButton.swift in Sources */ = {isa = PBXBuildFile; fileRef = B612A49C2B5CE7E800B1F01C /* MapViewActionButton.swift */; };
		B612A49F2B5CE8BE00B1F01C /* LocationSearchView.swift in Sources */ = {isa = PBXBuildFile; fileRef = B612A49E2B5CE8BE00B1F01C /* LocationSearchView.swift */; };
		B612A4A12B5CEAAF00B1F01C /* LocationSearchResultCell.swift in Sources */ = {isa = PBXBuildFile; fileRef = B612A4A02B5CEAAF00B1F01C /* LocationSearchResultCell.swift */; };
		B649A1282B5C2C7B00EC5B18 /* UberApp.swift in Sources */ = {isa = PBXBuildFile; fileRef = B649A1272B5C2C7B00EC5B18 /* UberApp.swift */; };
		B649A12A2B5C2C7B00EC5B18 /* HomeView.swift in Sources */ = {isa = PBXBuildFile; fileRef = B649A1292B5C2C7B00EC5B18 /* HomeView.swift */; };
		B649A12C2B5C2C7B00EC5B18 /* Assets.xcassets in Resources */ = {isa = PBXBuildFile; fileRef = B649A12B2B5C2C7B00EC5B18 /* Assets.xcassets */; };
		B649A12F2B5C2C7B00EC5B18 /* Preview Assets.xcassets in Resources */ = {isa = PBXBuildFile; fileRef = B649A12E2B5C2C7B00EC5B18 /* Preview Assets.xcassets */; };
		B66DD4322B5D81D800698CF9 /* RideRequestView.swift in Sources */ = {isa = PBXBuildFile; fileRef = B66DD4312B5D81D800698CF9 /* RideRequestView.swift */; };
		B69B31D82B6254BE0052F1C2 /* Double.swift in Sources */ = {isa = PBXBuildFile; fileRef = B69B31D72B6254BE0052F1C2 /* Double.swift */; };
		B69B31DA2B62583D0052F1C2 /* UberLocation.swift in Sources */ = {isa = PBXBuildFile; fileRef = B69B31D92B62583D0052F1C2 /* UberLocation.swift */; };
		B69B31DC2B6260850052F1C2 /* Color.swift in Sources */ = {isa = PBXBuildFile; fileRef = B69B31DB2B6260850052F1C2 /* Color.swift */; };
		B6A667842B5D1B310072B9D7 /* LocationSearchViewModel.swift in Sources */ = {isa = PBXBuildFile; fileRef = B6A667832B5D1B310072B9D7 /* LocationSearchViewModel.swift */; };
		B6DDD52C2B5D7779002D8A44 /* MapViewState.swift in Sources */ = {isa = PBXBuildFile; fileRef = B6DDD52B2B5D7778002D8A44 /* MapViewState.swift */; };
		B6E436282B6024A0005E55E1 /* RideType.swift in Sources */ = {isa = PBXBuildFile; fileRef = B6E436272B6024A0005E55E1 /* RideType.swift */; };
/* End PBXBuildFile section */

/* Begin PBXFileReference section */
		B612A4922B5CD39F00B1F01C /* UberMapViewRepresentable.swift */ = {isa = PBXFileReference; lastKnownFileType = sourcecode.swift; path = UberMapViewRepresentable.swift; sourceTree = "<group>"; };
		B612A4942B5CD57D00B1F01C /* LocationManager.swift */ = {isa = PBXFileReference; lastKnownFileType = sourcecode.swift; path = LocationManager.swift; sourceTree = "<group>"; };
		B612A49A2B5CE65900B1F01C /* LocationSearchActiveView.swift */ = {isa = PBXFileReference; lastKnownFileType = sourcecode.swift; path = LocationSearchActiveView.swift; sourceTree = "<group>"; };
		B612A49C2B5CE7E800B1F01C /* MapViewActionButton.swift */ = {isa = PBXFileReference; lastKnownFileType = sourcecode.swift; path = MapViewActionButton.swift; sourceTree = "<group>"; };
		B612A49E2B5CE8BE00B1F01C /* LocationSearchView.swift */ = {isa = PBXFileReference; lastKnownFileType = sourcecode.swift; path = LocationSearchView.swift; sourceTree = "<group>"; };
		B612A4A02B5CEAAF00B1F01C /* LocationSearchResultCell.swift */ = {isa = PBXFileReference; lastKnownFileType = sourcecode.swift; path = LocationSearchResultCell.swift; sourceTree = "<group>"; };
		B649A1242B5C2C7B00EC5B18 /* Uber.app */ = {isa = PBXFileReference; explicitFileType = wrapper.application; includeInIndex = 0; path = Uber.app; sourceTree = BUILT_PRODUCTS_DIR; };
		B649A1272B5C2C7B00EC5B18 /* UberApp.swift */ = {isa = PBXFileReference; lastKnownFileType = sourcecode.swift; path = UberApp.swift; sourceTree = "<group>"; };
		B649A1292B5C2C7B00EC5B18 /* HomeView.swift */ = {isa = PBXFileReference; lastKnownFileType = sourcecode.swift; path = HomeView.swift; sourceTree = "<group>"; };
		B649A12B2B5C2C7B00EC5B18 /* Assets.xcassets */ = {isa = PBXFileReference; lastKnownFileType = folder.assetcatalog; path = Assets.xcassets; sourceTree = "<group>"; };
		B649A12E2B5C2C7B00EC5B18 /* Preview Assets.xcassets */ = {isa = PBXFileReference; lastKnownFileType = folder.assetcatalog; path = "Preview Assets.xcassets"; sourceTree = "<group>"; };
		B66DD4312B5D81D800698CF9 /* RideRequestView.swift */ = {isa = PBXFileReference; lastKnownFileType = sourcecode.swift; path = RideRequestView.swift; sourceTree = "<group>"; };
		B69B31D72B6254BE0052F1C2 /* Double.swift */ = {isa = PBXFileReference; lastKnownFileType = sourcecode.swift; path = Double.swift; sourceTree = "<group>"; };
		B69B31D92B62583D0052F1C2 /* UberLocation.swift */ = {isa = PBXFileReference; lastKnownFileType = sourcecode.swift; path = UberLocation.swift; sourceTree = "<group>"; };
		B69B31DB2B6260850052F1C2 /* Color.swift */ = {isa = PBXFileReference; lastKnownFileType = sourcecode.swift; path = Color.swift; sourceTree = "<group>"; };
		B6A667832B5D1B310072B9D7 /* LocationSearchViewModel.swift */ = {isa = PBXFileReference; lastKnownFileType = sourcecode.swift; path = LocationSearchViewModel.swift; sourceTree = "<group>"; };
		B6DDD52B2B5D7778002D8A44 /* MapViewState.swift */ = {isa = PBXFileReference; lastKnownFileType = sourcecode.swift; path = MapViewState.swift; sourceTree = "<group>"; };
		B6E436272B6024A0005E55E1 /* RideType.swift */ = {isa = PBXFileReference; lastKnownFileType = sourcecode.swift; path = RideType.swift; sourceTree = "<group>"; };
/* End PBXFileReference section */

/* Begin PBXFrameworksBuildPhase section */
		B649A1212B5C2C7B00EC5B18 /* Frameworks */ = {
			isa = PBXFrameworksBuildPhase;
			buildActionMask = 2147483647;
			files = (
			);
			runOnlyForDeploymentPostprocessing = 0;
		};
/* End PBXFrameworksBuildPhase section */

/* Begin PBXGroup section */
		B612A4892B5CD1B500B1F01C /* Model */ = {
			isa = PBXGroup;
			children = (
				B6DDD52B2B5D7778002D8A44 /* MapViewState.swift */,
				B6E436272B6024A0005E55E1 /* RideType.swift */,
				B69B31D92B62583D0052F1C2 /* UberLocation.swift */,
			);
			path = Model;
			sourceTree = "<group>";
		};
		B612A48B2B5CD1C600B1F01C /* Manager */ = {
			isa = PBXGroup;
			children = (
				B612A4942B5CD57D00B1F01C /* LocationManager.swift */,
			);
			path = Manager;
			sourceTree = "<group>";
		};
		B612A48C2B5CD1C700B1F01C /* Extensions */ = {
			isa = PBXGroup;
			children = (
				B69B31D72B6254BE0052F1C2 /* Double.swift */,
				B69B31DB2B6260850052F1C2 /* Color.swift */,
			);
			path = Extensions;
			sourceTree = "<group>";
		};
		B612A48D2B5CD1C900B1F01C /* Core */ = {
			isa = PBXGroup;
			children = (
				B66DD4302B5D81BB00698CF9 /* Trips */,
				B612A4972B5CE62000B1F01C /* LocationSearch */,
				B612A4962B5CE61100B1F01C /* Home */,
			);
			path = Core;
			sourceTree = "<group>";
		};
		B612A48E2B5CD1CC00B1F01C /* App */ = {
			isa = PBXGroup;
			children = (
				B649A1272B5C2C7B00EC5B18 /* UberApp.swift */,
			);
			path = App;
			sourceTree = "<group>";
		};
		B612A4902B5CD21400B1F01C /* View */ = {
			isa = PBXGroup;
			children = (
				B649A1292B5C2C7B00EC5B18 /* HomeView.swift */,
				B612A4922B5CD39F00B1F01C /* UberMapViewRepresentable.swift */,
				B612A49C2B5CE7E800B1F01C /* MapViewActionButton.swift */,
			);
			path = View;
			sourceTree = "<group>";
		};
		B612A4912B5CD21600B1F01C /* ViewModel */ = {
			isa = PBXGroup;
			children = (
			);
			path = ViewModel;
			sourceTree = "<group>";
		};
		B612A4962B5CE61100B1F01C /* Home */ = {
			isa = PBXGroup;
			children = (
				B612A4912B5CD21600B1F01C /* ViewModel */,
				B612A4902B5CD21400B1F01C /* View */,
			);
			path = Home;
			sourceTree = "<group>";
		};
		B612A4972B5CE62000B1F01C /* LocationSearch */ = {
			isa = PBXGroup;
			children = (
				B612A4992B5CE63E00B1F01C /* ViewModel */,
				B612A4982B5CE63900B1F01C /* Views */,
			);
			path = LocationSearch;
			sourceTree = "<group>";
		};
		B612A4982B5CE63900B1F01C /* Views */ = {
			isa = PBXGroup;
			children = (
				B612A49A2B5CE65900B1F01C /* LocationSearchActiveView.swift */,
				B612A49E2B5CE8BE00B1F01C /* LocationSearchView.swift */,
				B612A4A02B5CEAAF00B1F01C /* LocationSearchResultCell.swift */,
			);
			path = Views;
			sourceTree = "<group>";
		};
		B612A4992B5CE63E00B1F01C /* ViewModel */ = {
			isa = PBXGroup;
			children = (
				B6A667832B5D1B310072B9D7 /* LocationSearchViewModel.swift */,
			);
			path = ViewModel;
			sourceTree = "<group>";
		};
		B649A11B2B5C2C7B00EC5B18 = {
			isa = PBXGroup;
			children = (
				B649A1262B5C2C7B00EC5B18 /* Uber */,
				B649A1252B5C2C7B00EC5B18 /* Products */,
			);
			sourceTree = "<group>";
		};
		B649A1252B5C2C7B00EC5B18 /* Products */ = {
			isa = PBXGroup;
			children = (
				B649A1242B5C2C7B00EC5B18 /* Uber.app */,
			);
			name = Products;
			sourceTree = "<group>";
		};
		B649A1262B5C2C7B00EC5B18 /* Uber */ = {
			isa = PBXGroup;
			children = (
				B612A48E2B5CD1CC00B1F01C /* App */,
				B612A48D2B5CD1C900B1F01C /* Core */,
				B612A48C2B5CD1C700B1F01C /* Extensions */,
				B612A48B2B5CD1C600B1F01C /* Manager */,
				B612A4892B5CD1B500B1F01C /* Model */,
				B649A12B2B5C2C7B00EC5B18 /* Assets.xcassets */,
				B649A12D2B5C2C7B00EC5B18 /* Preview Content */,
			);
			path = Uber;
			sourceTree = "<group>";
		};
		B649A12D2B5C2C7B00EC5B18 /* Preview Content */ = {
			isa = PBXGroup;
			children = (
				B649A12E2B5C2C7B00EC5B18 /* Preview Assets.xcassets */,
			);
			path = "Preview Content";
			sourceTree = "<group>";
		};
		B66DD4302B5D81BB00698CF9 /* Trips */ = {
			isa = PBXGroup;
			children = (
				B66DD4312B5D81D800698CF9 /* RideRequestView.swift */,
			);
			path = Trips;
			sourceTree = "<group>";
		};
/* End PBXGroup section */

/* Begin PBXNativeTarget section */
		B649A1232B5C2C7B00EC5B18 /* Uber */ = {
			isa = PBXNativeTarget;
			buildConfigurationList = B649A1322B5C2C7B00EC5B18 /* Build configuration list for PBXNativeTarget "Uber" */;
			buildPhases = (
				B649A1202B5C2C7B00EC5B18 /* Sources */,
				B649A1212B5C2C7B00EC5B18 /* Frameworks */,
				B649A1222B5C2C7B00EC5B18 /* Resources */,
			);
			buildRules = (
			);
			dependencies = (
			);
			name = Uber;
			productName = Uber;
			productReference = B649A1242B5C2C7B00EC5B18 /* Uber.app */;
			productType = "com.apple.product-type.application";
		};
/* End PBXNativeTarget section */

/* Begin PBXProject section */
		B649A11C2B5C2C7B00EC5B18 /* Project object */ = {
			isa = PBXProject;
			attributes = {
				BuildIndependentTargetsInParallel = 1;
				LastSwiftUpdateCheck = 1510;
				LastUpgradeCheck = 1510;
				TargetAttributes = {
					B649A1232B5C2C7B00EC5B18 = {
						CreatedOnToolsVersion = 15.1;
					};
				};
			};
			buildConfigurationList = B649A11F2B5C2C7B00EC5B18 /* Build configuration list for PBXProject "Uber" */;
			compatibilityVersion = "Xcode 14.0";
			developmentRegion = en;
			hasScannedForEncodings = 0;
			knownRegions = (
				en,
				Base,
			);
			mainGroup = B649A11B2B5C2C7B00EC5B18;
			productRefGroup = B649A1252B5C2C7B00EC5B18 /* Products */;
			projectDirPath = "";
			projectRoot = "";
			targets = (
				B649A1232B5C2C7B00EC5B18 /* Uber */,
			);
		};
/* End PBXProject section */

/* Begin PBXResourcesBuildPhase section */
		B649A1222B5C2C7B00EC5B18 /* Resources */ = {
			isa = PBXResourcesBuildPhase;
			buildActionMask = 2147483647;
			files = (
				B649A12F2B5C2C7B00EC5B18 /* Preview Assets.xcassets in Resources */,
				B649A12C2B5C2C7B00EC5B18 /* Assets.xcassets in Resources */,
			);
			runOnlyForDeploymentPostprocessing = 0;
		};
/* End PBXResourcesBuildPhase section */

/* Begin PBXSourcesBuildPhase section */
		B649A1202B5C2C7B00EC5B18 /* Sources */ = {
			isa = PBXSourcesBuildPhase;
			buildActionMask = 2147483647;
			files = (
				B6A667842B5D1B310072B9D7 /* LocationSearchViewModel.swift in Sources */,
				B612A49F2B5CE8BE00B1F01C /* LocationSearchView.swift in Sources */,
				B612A4952B5CD57D00B1F01C /* LocationManager.swift in Sources */,
				B66DD4322B5D81D800698CF9 /* RideRequestView.swift in Sources */,
				B69B31D82B6254BE0052F1C2 /* Double.swift in Sources */,
				B6DDD52C2B5D7779002D8A44 /* MapViewState.swift in Sources */,
				B612A49D2B5CE7E800B1F01C /* MapViewActionButton.swift in Sources */,
				B649A12A2B5C2C7B00EC5B18 /* HomeView.swift in Sources */,
				B69B31DC2B6260850052F1C2 /* Color.swift in Sources */,
				B612A4932B5CD39F00B1F01C /* UberMapViewRepresentable.swift in Sources */,
				B612A49B2B5CE65900B1F01C /* LocationSearchActiveView.swift in Sources */,
				B69B31DA2B62583D0052F1C2 /* UberLocation.swift in Sources */,
				B649A1282B5C2C7B00EC5B18 /* UberApp.swift in Sources */,
				B612A4A12B5CEAAF00B1F01C /* LocationSearchResultCell.swift in Sources */,
				B6E436282B6024A0005E55E1 /* RideType.swift in Sources */,
			);
			runOnlyForDeploymentPostprocessing = 0;
		};
/* End PBXSourcesBuildPhase section */

/* Begin XCBuildConfiguration section */
		B649A1302B5C2C7B00EC5B18 /* Debug */ = {
			isa = XCBuildConfiguration;
			buildSettings = {
				ALWAYS_SEARCH_USER_PATHS = NO;
				ASSETCATALOG_COMPILER_GENERATE_SWIFT_ASSET_SYMBOL_EXTENSIONS = YES;
				CLANG_ANALYZER_NONNULL = YES;
				CLANG_ANALYZER_NUMBER_OBJECT_CONVERSION = YES_AGGRESSIVE;
				CLANG_CXX_LANGUAGE_STANDARD = "gnu++20";
				CLANG_ENABLE_MODULES = YES;
				CLANG_ENABLE_OBJC_ARC = YES;
				CLANG_ENABLE_OBJC_WEAK = YES;
				CLANG_WARN_BLOCK_CAPTURE_AUTORELEASING = YES;
				CLANG_WARN_BOOL_CONVERSION = YES;
				CLANG_WARN_COMMA = YES;
				CLANG_WARN_CONSTANT_CONVERSION = YES;
				CLANG_WARN_DEPRECATED_OBJC_IMPLEMENTATIONS = YES;
				CLANG_WARN_DIRECT_OBJC_ISA_USAGE = YES_ERROR;
				CLANG_WARN_DOCUMENTATION_COMMENTS = YES;
				CLANG_WARN_EMPTY_BODY = YES;
				CLANG_WARN_ENUM_CONVERSION = YES;
				CLANG_WARN_INFINITE_RECURSION = YES;
				CLANG_WARN_INT_CONVERSION = YES;
				CLANG_WARN_NON_LITERAL_NULL_CONVERSION = YES;
				CLANG_WARN_OBJC_IMPLICIT_RETAIN_SELF = YES;
				CLANG_WARN_OBJC_LITERAL_CONVERSION = YES;
				CLANG_WARN_OBJC_ROOT_CLASS = YES_ERROR;
				CLANG_WARN_QUOTED_INCLUDE_IN_FRAMEWORK_HEADER = YES;
				CLANG_WARN_RANGE_LOOP_ANALYSIS = YES;
				CLANG_WARN_STRICT_PROTOTYPES = YES;
				CLANG_WARN_SUSPICIOUS_MOVE = YES;
				CLANG_WARN_UNGUARDED_AVAILABILITY = YES_AGGRESSIVE;
				CLANG_WARN_UNREACHABLE_CODE = YES;
				CLANG_WARN__DUPLICATE_METHOD_MATCH = YES;
				COPY_PHASE_STRIP = NO;
				DEBUG_INFORMATION_FORMAT = dwarf;
				ENABLE_STRICT_OBJC_MSGSEND = YES;
				ENABLE_TESTABILITY = YES;
				ENABLE_USER_SCRIPT_SANDBOXING = YES;
				GCC_C_LANGUAGE_STANDARD = gnu17;
				GCC_DYNAMIC_NO_PIC = NO;
				GCC_NO_COMMON_BLOCKS = YES;
				GCC_OPTIMIZATION_LEVEL = 0;
				GCC_PREPROCESSOR_DEFINITIONS = (
					"DEBUG=1",
					"$(inherited)",
				);
				GCC_WARN_64_TO_32_BIT_CONVERSION = YES;
				GCC_WARN_ABOUT_RETURN_TYPE = YES_ERROR;
				GCC_WARN_UNDECLARED_SELECTOR = YES;
				GCC_WARN_UNINITIALIZED_AUTOS = YES_AGGRESSIVE;
				GCC_WARN_UNUSED_FUNCTION = YES;
				GCC_WARN_UNUSED_VARIABLE = YES;
				IPHONEOS_DEPLOYMENT_TARGET = 17.2;
				LOCALIZATION_PREFERS_STRING_CATALOGS = YES;
				MTL_ENABLE_DEBUG_INFO = INCLUDE_SOURCE;
				MTL_FAST_MATH = YES;
				ONLY_ACTIVE_ARCH = YES;
				SDKROOT = iphoneos;
				SWIFT_ACTIVE_COMPILATION_CONDITIONS = "DEBUG $(inherited)";
				SWIFT_OPTIMIZATION_LEVEL = "-Onone";
			};
			name = Debug;
		};
		B649A1312B5C2C7B00EC5B18 /* Release */ = {
			isa = XCBuildConfiguration;
			buildSettings = {
				ALWAYS_SEARCH_USER_PATHS = NO;
				ASSETCATALOG_COMPILER_GENERATE_SWIFT_ASSET_SYMBOL_EXTENSIONS = YES;
				CLANG_ANALYZER_NONNULL = YES;
				CLANG_ANALYZER_NUMBER_OBJECT_CONVERSION = YES_AGGRESSIVE;
				CLANG_CXX_LANGUAGE_STANDARD = "gnu++20";
				CLANG_ENABLE_MODULES = YES;
				CLANG_ENABLE_OBJC_ARC = YES;
				CLANG_ENABLE_OBJC_WEAK = YES;
				CLANG_WARN_BLOCK_CAPTURE_AUTORELEASING = YES;
				CLANG_WARN_BOOL_CONVERSION = YES;
				CLANG_WARN_COMMA = YES;
				CLANG_WARN_CONSTANT_CONVERSION = YES;
				CLANG_WARN_DEPRECATED_OBJC_IMPLEMENTATIONS = YES;
				CLANG_WARN_DIRECT_OBJC_ISA_USAGE = YES_ERROR;
				CLANG_WARN_DOCUMENTATION_COMMENTS = YES;
				CLANG_WARN_EMPTY_BODY = YES;
				CLANG_WARN_ENUM_CONVERSION = YES;
				CLANG_WARN_INFINITE_RECURSION = YES;
				CLANG_WARN_INT_CONVERSION = YES;
				CLANG_WARN_NON_LITERAL_NULL_CONVERSION = YES;
				CLANG_WARN_OBJC_IMPLICIT_RETAIN_SELF = YES;
				CLANG_WARN_OBJC_LITERAL_CONVERSION = YES;
				CLANG_WARN_OBJC_ROOT_CLASS = YES_ERROR;
				CLANG_WARN_QUOTED_INCLUDE_IN_FRAMEWORK_HEADER = YES;
				CLANG_WARN_RANGE_LOOP_ANALYSIS = YES;
				CLANG_WARN_STRICT_PROTOTYPES = YES;
				CLANG_WARN_SUSPICIOUS_MOVE = YES;
				CLANG_WARN_UNGUARDED_AVAILABILITY = YES_AGGRESSIVE;
				CLANG_WARN_UNREACHABLE_CODE = YES;
				CLANG_WARN__DUPLICATE_METHOD_MATCH = YES;
				COPY_PHASE_STRIP = NO;
				DEBUG_INFORMATION_FORMAT = "dwarf-with-dsym";
				ENABLE_NS_ASSERTIONS = NO;
				ENABLE_STRICT_OBJC_MSGSEND = YES;
				ENABLE_USER_SCRIPT_SANDBOXING = YES;
				GCC_C_LANGUAGE_STANDARD = gnu17;
				GCC_NO_COMMON_BLOCKS = YES;
				GCC_WARN_64_TO_32_BIT_CONVERSION = YES;
				GCC_WARN_ABOUT_RETURN_TYPE = YES_ERROR;
				GCC_WARN_UNDECLARED_SELECTOR = YES;
				GCC_WARN_UNINITIALIZED_AUTOS = YES_AGGRESSIVE;
				GCC_WARN_UNUSED_FUNCTION = YES;
				GCC_WARN_UNUSED_VARIABLE = YES;
				IPHONEOS_DEPLOYMENT_TARGET = 17.2;
				LOCALIZATION_PREFERS_STRING_CATALOGS = YES;
				MTL_ENABLE_DEBUG_INFO = NO;
				MTL_FAST_MATH = YES;
				SDKROOT = iphoneos;
				SWIFT_COMPILATION_MODE = wholemodule;
				VALIDATE_PRODUCT = YES;
			};
			name = Release;
		};
		B649A1332B5C2C7B00EC5B18 /* Debug */ = {
			isa = XCBuildConfiguration;
			buildSettings = {
				ASSETCATALOG_COMPILER_APPICON_NAME = AppIcon;
				ASSETCATALOG_COMPILER_GLOBAL_ACCENT_COLOR_NAME = AccentColor;
				CODE_SIGN_STYLE = Automatic;
				CURRENT_PROJECT_VERSION = 1;
				DEVELOPMENT_ASSET_PATHS = "\"Uber/Preview Content\"";
				DEVELOPMENT_TEAM = 6K6U2C878F;
				ENABLE_PREVIEWS = YES;
				GENERATE_INFOPLIST_FILE = YES;
				INFOPLIST_KEY_NSLocationWhenInUseUsageDescription = "Please allow us to access your location to find your near by rides";
				INFOPLIST_KEY_UIApplicationSceneManifest_Generation = YES;
				INFOPLIST_KEY_UIApplicationSupportsIndirectInputEvents = YES;
				INFOPLIST_KEY_UILaunchScreen_Generation = YES;
				INFOPLIST_KEY_UISupportedInterfaceOrientations_iPad = "UIInterfaceOrientationPortrait UIInterfaceOrientationPortraitUpsideDown UIInterfaceOrientationLandscapeLeft UIInterfaceOrientationLandscapeRight";
				INFOPLIST_KEY_UISupportedInterfaceOrientations_iPhone = "UIInterfaceOrientationPortrait UIInterfaceOrientationLandscapeLeft UIInterfaceOrientationLandscapeRight";
				LD_RUNPATH_SEARCH_PATHS = (
					"$(inherited)",
					"@executable_path/Frameworks",
				);
				MARKETING_VERSION = 1.0;
				PRODUCT_BUNDLE_IDENTIFIER = com.MyJobPark.Uber;
				PRODUCT_NAME = "$(TARGET_NAME)";
				SWIFT_EMIT_LOC_STRINGS = YES;
				SWIFT_VERSION = 5.0;
				TARGETED_DEVICE_FAMILY = "1,2";
			};
			name = Debug;
		};
		B649A1342B5C2C7B00EC5B18 /* Release */ = {
			isa = XCBuildConfiguration;
			buildSettings = {
				ASSETCATALOG_COMPILER_APPICON_NAME = AppIcon;
				ASSETCATALOG_COMPILER_GLOBAL_ACCENT_COLOR_NAME = AccentColor;
				CODE_SIGN_STYLE = Automatic;
				CURRENT_PROJECT_VERSION = 1;
				DEVELOPMENT_ASSET_PATHS = "\"Uber/Preview Content\"";
				DEVELOPMENT_TEAM = 6K6U2C878F;
				ENABLE_PREVIEWS = YES;
				GENERATE_INFOPLIST_FILE = YES;
				INFOPLIST_KEY_NSLocationWhenInUseUsageDescription = "Please allow us to access your location to find your near by rides";
				INFOPLIST_KEY_UIApplicationSceneManifest_Generation = YES;
				INFOPLIST_KEY_UIApplicationSupportsIndirectInputEvents = YES;
				INFOPLIST_KEY_UILaunchScreen_Generation = YES;
				INFOPLIST_KEY_UISupportedInterfaceOrientations_iPad = "UIInterfaceOrientationPortrait UIInterfaceOrientationPortraitUpsideDown UIInterfaceOrientationLandscapeLeft UIInterfaceOrientationLandscapeRight";
				INFOPLIST_KEY_UISupportedInterfaceOrientations_iPhone = "UIInterfaceOrientationPortrait UIInterfaceOrientationLandscapeLeft UIInterfaceOrientationLandscapeRight";
				LD_RUNPATH_SEARCH_PATHS = (
					"$(inherited)",
					"@executable_path/Frameworks",
				);
				MARKETING_VERSION = 1.0;
				PRODUCT_BUNDLE_IDENTIFIER = com.MyJobPark.Uber;
				PRODUCT_NAME = "$(TARGET_NAME)";
				SWIFT_EMIT_LOC_STRINGS = YES;
				SWIFT_VERSION = 5.0;
				TARGETED_DEVICE_FAMILY = "1,2";
			};
			name = Release;
		};
/* End XCBuildConfiguration section */

/* Begin XCConfigurationList section */
		B649A11F2B5C2C7B00EC5B18 /* Build configuration list for PBXProject "Uber" */ = {
			isa = XCConfigurationList;
			buildConfigurations = (
				B649A1302B5C2C7B00EC5B18 /* Debug */,
				B649A1312B5C2C7B00EC5B18 /* Release */,
			);
			defaultConfigurationIsVisible = 0;
			defaultConfigurationName = Release;
		};
		B649A1322B5C2C7B00EC5B18 /* Build configuration list for PBXNativeTarget "Uber" */ = {
			isa = XCConfigurationList;
			buildConfigurations = (
				B649A1332B5C2C7B00EC5B18 /* Debug */,
				B649A1342B5C2C7B00EC5B18 /* Release */,
			);
			defaultConfigurationIsVisible = 0;
			defaultConfigurationName = Release;
		};
/* End XCConfigurationList section */
	};
	rootObject = B649A11C2B5C2C7B00EC5B18 /* Project object */;
}
